
Microsoft Visual Studio Solution File, Format Version 12.00
# Visual Studio Version 17
VisualStudioVersion = 17.9.34723.18
MinimumVisualStudioVersion = 10.0.40219.1
Project("{FAE04EC0-301F-11D3-BF4B-00C04F79EFBC}") = "lab10_backend", "lab10_backend\lab10_backend.csproj", "{9476B0B0-37A1-4F09-A921-EC73C90A7713}"
EndProject
Global
	GlobalSection(SolutionConfigurationPlatforms) = preSolution
		Debug|Any CPU = Debug|Any CPU
		Release|Any CPU = Release|Any CPU
	EndGlobalSection
	GlobalSection(ProjectConfigurationPlatforms) = postSolution
		{9476B0B0-37A1-4F09-A921-EC73C90A7713}.Debug|Any CPU.ActiveCfg = Debug|Any CPU
		{9476B0B0-37A1-4F09-A921-EC73C90A7713}.Debug|Any CPU.Build.0 = Debug|Any CPU
		{9476B0B0-37A1-4F09-A921-EC73C90A7713}.Release|Any CPU.ActiveCfg = Release|Any CPU
		{9476B0B0-37A1-4F09-A921-EC73C90A7713}.Release|Any CPU.Build.0 = Release|Any CPU
	EndGlobalSection
	GlobalSection(SolutionProperties) = preSolution
		HideSolutionNode = FALSE
	EndGlobalSection
	GlobalSection(ExtensibilityGlobals) = postSolution
		SolutionGuid = {4362840D-92DF-4BFD-976A-CBCC41B0D11A}
	EndGlobalSection
EndGlobal
